
Microsoft Visual Studio Solution File, Format Version 12.00
# Visual Studio Version 17
VisualStudioVersion = 17.5.002.0
MinimumVisualStudioVersion = 10.0.40219.1
Project("{9A19103F-16F7-4668-BE54-9A1E7A4F7556}") = "Blog", "Blog\Blog.csproj", "{7C40FE42-717B-4109-A2F3-BE039DFF4343}"
EndProject
Global
	GlobalSection(SolutionConfigurationPlatforms) = preSolution
		Debug|Any CPU = Debug|Any CPU
		Release|Any CPU = Release|Any CPU
	EndGlobalSection
	GlobalSection(ProjectConfigurationPlatforms) = postSolution
		{7C40FE42-717B-4109-A2F3-BE039DFF4343}.Debug|Any CPU.ActiveCfg = Debug|Any CPU
		{7C40FE42-717B-4109-A2F3-BE039DFF4343}.Debug|Any CPU.Build.0 = Debug|Any CPU
		{7C40FE42-717B-4109-A2F3-BE039DFF4343}.Release|Any CPU.ActiveCfg = Release|Any CPU
		{7C40FE42-717B-4109-A2F3-BE039DFF4343}.Release|Any CPU.Build.0 = Release|Any CPU
	EndGlobalSection
	GlobalSection(SolutionProperties) = preSolution
		HideSolutionNode = FALSE
	EndGlobalSection
	GlobalSection(ExtensibilityGlobals) = postSolution
		SolutionGuid = {34403EEE-2E9F-47DD-AE13-317B19F1BF75}
	EndGlobalSection
EndGlobal
